{
  "object": {
    "pins": [
      {
        "package": "PerformanceTesting",
        "repositoryURL": "https://github.com/dn-m/PerformanceTesting",
        "state": {
          "branch": "pitchspeller-dependency",
          "revision": "fd97209b9465e698c51cb30dfc24db35f39fa5c5",
          "version": null
        }
      }
    ]
  },
  "version": 1
}
