{
  "object": {
    "pins": [
      {
        "package": "PerformanceTesting",
        "repositoryURL": "https://github.com/dn-m/PerformanceTesting.git",
        "state": {
          "branch": "master",
          "revision": "fc96795471fce16de0277ec0dbd0f69f5dd013d6",
          "version": null
        }
      }
    ]
  },
  "version": 1
}
