{
  "object": {
    "pins": [
      {
        "package": "PerformanceTesting",
        "repositoryURL": "https://github.com/dn-m/PerformanceTesting",
        "state": {
          "branch": null,
          "revision": "b76715a574872e29fe24f70b45f14c7e1bccf170",
          "version": "0.2.0"
        }
      }
    ]
  },
  "version": 1
}
